
Microsoft Visual Studio Solution File, Format Version 12.00
# Visual Studio 15
VisualStudioVersion = 15.0.26124.0
MinimumVisualStudioVersion = 15.0.26124.0
Project("{FAE04EC0-301F-11D3-BF4B-00C04F79EFBC}") = "USchedule.Core", "USchedule.Core\USchedule.Core.csproj", "{D2048808-D241-4278-9CB1-7BFBBF73D055}"
EndProject
Project("{2150E333-8FDC-42A3-9474-1A3956D46DE8}") = "1. Core", "1. Core", "{6D1D0A27-0A53-42F4-9F5F-A1A4B973B9CC}"
EndProject
Project("{FAE04EC0-301F-11D3-BF4B-00C04F79EFBC}") = "USchedule.Persistence", "USchedule.Persistence\USchedule.Persistence.csproj", "{DAA655E9-5888-4485-A411-45ACD2E1A545}"
EndProject
Project("{2150E333-8FDC-42A3-9474-1A3956D46DE8}") = "2. Domain", "2. Domain", "{08196B04-BEDA-4A6F-9BB1-525E5AD8AFDC}"
EndProject
Project("{FAE04EC0-301F-11D3-BF4B-00C04F79EFBC}") = "USchedule.Models", "USchedule.Models\USchedule.Models.csproj", "{C9889303-E394-46EA-99B4-141BC4EE6BE3}"
EndProject
Project("{2150E333-8FDC-42A3-9474-1A3956D46DE8}") = "3. Application", "3. Application", "{8F16FE22-8965-4C66-9B97-539AA75C78A3}"
EndProject
Project("{FAE04EC0-301F-11D3-BF4B-00C04F79EFBC}") = "USchedule.API", "USchedule.API\USchedule.API.csproj", "{55351FB2-E1D4-4207-B219-3C9F7E0A14A7}"
EndProject
Project("{FAE04EC0-301F-11D3-BF4B-00C04F79EFBC}") = "USchedule.Domain", "USchedule.Domain\USchedule.Domain.csproj", "{8A569DF2-5F07-43EA-933A-319C2B662B2F}"
EndProject
Project("{FAE04EC0-301F-11D3-BF4B-00C04F79EFBC}") = "USchedule.Services", "USchedule.Services\USchedule.Services.csproj", "{15F3ED5E-439E-4B76-9292-0C2763D9305A}"
EndProject
Global
	GlobalSection(SolutionConfigurationPlatforms) = preSolution
		Debug|Any CPU = Debug|Any CPU
		Debug|x64 = Debug|x64
		Debug|x86 = Debug|x86
		Release|Any CPU = Release|Any CPU
		Release|x64 = Release|x64
		Release|x86 = Release|x86
	EndGlobalSection
	GlobalSection(SolutionProperties) = preSolution
		HideSolutionNode = FALSE
	EndGlobalSection
	GlobalSection(ProjectConfigurationPlatforms) = postSolution
		{D2048808-D241-4278-9CB1-7BFBBF73D055}.Debug|Any CPU.ActiveCfg = Debug|Any CPU
		{D2048808-D241-4278-9CB1-7BFBBF73D055}.Debug|Any CPU.Build.0 = Debug|Any CPU
		{D2048808-D241-4278-9CB1-7BFBBF73D055}.Debug|x64.ActiveCfg = Debug|Any CPU
		{D2048808-D241-4278-9CB1-7BFBBF73D055}.Debug|x64.Build.0 = Debug|Any CPU
		{D2048808-D241-4278-9CB1-7BFBBF73D055}.Debug|x86.ActiveCfg = Debug|Any CPU
		{D2048808-D241-4278-9CB1-7BFBBF73D055}.Debug|x86.Build.0 = Debug|Any CPU
		{D2048808-D241-4278-9CB1-7BFBBF73D055}.Release|Any CPU.ActiveCfg = Release|Any CPU
		{D2048808-D241-4278-9CB1-7BFBBF73D055}.Release|Any CPU.Build.0 = Release|Any CPU
		{D2048808-D241-4278-9CB1-7BFBBF73D055}.Release|x64.ActiveCfg = Release|Any CPU
		{D2048808-D241-4278-9CB1-7BFBBF73D055}.Release|x64.Build.0 = Release|Any CPU
		{D2048808-D241-4278-9CB1-7BFBBF73D055}.Release|x86.ActiveCfg = Release|Any CPU
		{D2048808-D241-4278-9CB1-7BFBBF73D055}.Release|x86.Build.0 = Release|Any CPU
		{DAA655E9-5888-4485-A411-45ACD2E1A545}.Debug|Any CPU.ActiveCfg = Debug|Any CPU
		{DAA655E9-5888-4485-A411-45ACD2E1A545}.Debug|Any CPU.Build.0 = Debug|Any CPU
		{DAA655E9-5888-4485-A411-45ACD2E1A545}.Debug|x64.ActiveCfg = Debug|Any CPU
		{DAA655E9-5888-4485-A411-45ACD2E1A545}.Debug|x64.Build.0 = Debug|Any CPU
		{DAA655E9-5888-4485-A411-45ACD2E1A545}.Debug|x86.ActiveCfg = Debug|Any CPU
		{DAA655E9-5888-4485-A411-45ACD2E1A545}.Debug|x86.Build.0 = Debug|Any CPU
		{DAA655E9-5888-4485-A411-45ACD2E1A545}.Release|Any CPU.ActiveCfg = Release|Any CPU
		{DAA655E9-5888-4485-A411-45ACD2E1A545}.Release|Any CPU.Build.0 = Release|Any CPU
		{DAA655E9-5888-4485-A411-45ACD2E1A545}.Release|x64.ActiveCfg = Release|Any CPU
		{DAA655E9-5888-4485-A411-45ACD2E1A545}.Release|x64.Build.0 = Release|Any CPU
		{DAA655E9-5888-4485-A411-45ACD2E1A545}.Release|x86.ActiveCfg = Release|Any CPU
		{DAA655E9-5888-4485-A411-45ACD2E1A545}.Release|x86.Build.0 = Release|Any CPU
		{C9889303-E394-46EA-99B4-141BC4EE6BE3}.Debug|Any CPU.ActiveCfg = Debug|Any CPU
		{C9889303-E394-46EA-99B4-141BC4EE6BE3}.Debug|Any CPU.Build.0 = Debug|Any CPU
		{C9889303-E394-46EA-99B4-141BC4EE6BE3}.Debug|x64.ActiveCfg = Debug|Any CPU
		{C9889303-E394-46EA-99B4-141BC4EE6BE3}.Debug|x64.Build.0 = Debug|Any CPU
		{C9889303-E394-46EA-99B4-141BC4EE6BE3}.Debug|x86.ActiveCfg = Debug|Any CPU
		{C9889303-E394-46EA-99B4-141BC4EE6BE3}.Debug|x86.Build.0 = Debug|Any CPU
		{C9889303-E394-46EA-99B4-141BC4EE6BE3}.Release|Any CPU.ActiveCfg = Release|Any CPU
		{C9889303-E394-46EA-99B4-141BC4EE6BE3}.Release|Any CPU.Build.0 = Release|Any CPU
		{C9889303-E394-46EA-99B4-141BC4EE6BE3}.Release|x64.ActiveCfg = Release|Any CPU
		{C9889303-E394-46EA-99B4-141BC4EE6BE3}.Release|x64.Build.0 = Release|Any CPU
		{C9889303-E394-46EA-99B4-141BC4EE6BE3}.Release|x86.ActiveCfg = Release|Any CPU
		{C9889303-E394-46EA-99B4-141BC4EE6BE3}.Release|x86.Build.0 = Release|Any CPU
		{55351FB2-E1D4-4207-B219-3C9F7E0A14A7}.Debug|Any CPU.ActiveCfg = Debug|Any CPU
		{55351FB2-E1D4-4207-B219-3C9F7E0A14A7}.Debug|Any CPU.Build.0 = Debug|Any CPU
		{55351FB2-E1D4-4207-B219-3C9F7E0A14A7}.Debug|x64.ActiveCfg = Debug|Any CPU
		{55351FB2-E1D4-4207-B219-3C9F7E0A14A7}.Debug|x64.Build.0 = Debug|Any CPU
		{55351FB2-E1D4-4207-B219-3C9F7E0A14A7}.Debug|x86.ActiveCfg = Debug|Any CPU
		{55351FB2-E1D4-4207-B219-3C9F7E0A14A7}.Debug|x86.Build.0 = Debug|Any CPU
		{55351FB2-E1D4-4207-B219-3C9F7E0A14A7}.Release|Any CPU.ActiveCfg = Release|Any CPU
		{55351FB2-E1D4-4207-B219-3C9F7E0A14A7}.Release|Any CPU.Build.0 = Release|Any CPU
		{55351FB2-E1D4-4207-B219-3C9F7E0A14A7}.Release|x64.ActiveCfg = Release|Any CPU
		{55351FB2-E1D4-4207-B219-3C9F7E0A14A7}.Release|x64.Build.0 = Release|Any CPU
		{55351FB2-E1D4-4207-B219-3C9F7E0A14A7}.Release|x86.ActiveCfg = Release|Any CPU
		{55351FB2-E1D4-4207-B219-3C9F7E0A14A7}.Release|x86.Build.0 = Release|Any CPU
		{8A569DF2-5F07-43EA-933A-319C2B662B2F}.Debug|Any CPU.ActiveCfg = Debug|Any CPU
		{8A569DF2-5F07-43EA-933A-319C2B662B2F}.Debug|Any CPU.Build.0 = Debug|Any CPU
		{8A569DF2-5F07-43EA-933A-319C2B662B2F}.Debug|x64.ActiveCfg = Debug|Any CPU
		{8A569DF2-5F07-43EA-933A-319C2B662B2F}.Debug|x64.Build.0 = Debug|Any CPU
		{8A569DF2-5F07-43EA-933A-319C2B662B2F}.Debug|x86.ActiveCfg = Debug|Any CPU
		{8A569DF2-5F07-43EA-933A-319C2B662B2F}.Debug|x86.Build.0 = Debug|Any CPU
		{8A569DF2-5F07-43EA-933A-319C2B662B2F}.Release|Any CPU.ActiveCfg = Release|Any CPU
		{8A569DF2-5F07-43EA-933A-319C2B662B2F}.Release|Any CPU.Build.0 = Release|Any CPU
		{8A569DF2-5F07-43EA-933A-319C2B662B2F}.Release|x64.ActiveCfg = Release|Any CPU
		{8A569DF2-5F07-43EA-933A-319C2B662B2F}.Release|x64.Build.0 = Release|Any CPU
		{8A569DF2-5F07-43EA-933A-319C2B662B2F}.Release|x86.ActiveCfg = Release|Any CPU
		{8A569DF2-5F07-43EA-933A-319C2B662B2F}.Release|x86.Build.0 = Release|Any CPU
		{15F3ED5E-439E-4B76-9292-0C2763D9305A}.Debug|Any CPU.ActiveCfg = Debug|Any CPU
		{15F3ED5E-439E-4B76-9292-0C2763D9305A}.Debug|Any CPU.Build.0 = Debug|Any CPU
		{15F3ED5E-439E-4B76-9292-0C2763D9305A}.Debug|x64.ActiveCfg = Debug|Any CPU
		{15F3ED5E-439E-4B76-9292-0C2763D9305A}.Debug|x64.Build.0 = Debug|Any CPU
		{15F3ED5E-439E-4B76-9292-0C2763D9305A}.Debug|x86.ActiveCfg = Debug|Any CPU
		{15F3ED5E-439E-4B76-9292-0C2763D9305A}.Debug|x86.Build.0 = Debug|Any CPU
		{15F3ED5E-439E-4B76-9292-0C2763D9305A}.Release|Any CPU.ActiveCfg = Release|Any CPU
		{15F3ED5E-439E-4B76-9292-0C2763D9305A}.Release|Any CPU.Build.0 = Release|Any CPU
		{15F3ED5E-439E-4B76-9292-0C2763D9305A}.Release|x64.ActiveCfg = Release|Any CPU
		{15F3ED5E-439E-4B76-9292-0C2763D9305A}.Release|x64.Build.0 = Release|Any CPU
		{15F3ED5E-439E-4B76-9292-0C2763D9305A}.Release|x86.ActiveCfg = Release|Any CPU
		{15F3ED5E-439E-4B76-9292-0C2763D9305A}.Release|x86.Build.0 = Release|Any CPU
	EndGlobalSection
	GlobalSection(NestedProjects) = preSolution
		{D2048808-D241-4278-9CB1-7BFBBF73D055} = {6D1D0A27-0A53-42F4-9F5F-A1A4B973B9CC}
		{DAA655E9-5888-4485-A411-45ACD2E1A545} = {6D1D0A27-0A53-42F4-9F5F-A1A4B973B9CC}
		{C9889303-E394-46EA-99B4-141BC4EE6BE3} = {08196B04-BEDA-4A6F-9BB1-525E5AD8AFDC}
		{55351FB2-E1D4-4207-B219-3C9F7E0A14A7} = {8F16FE22-8965-4C66-9B97-539AA75C78A3}
		{8A569DF2-5F07-43EA-933A-319C2B662B2F} = {08196B04-BEDA-4A6F-9BB1-525E5AD8AFDC}
		{15F3ED5E-439E-4B76-9292-0C2763D9305A} = {08196B04-BEDA-4A6F-9BB1-525E5AD8AFDC}
	EndGlobalSection
EndGlobal
